// !$*UTF8*$!
{
	archiveVersion = 1;
	classes = {
	};
	objectVersion = 46;
	objects = {

/* Begin PBXBuildFile section */
		A60F89131F9F664C002CAF71 /* 二叉搜索树.cpp in Sources */ = {isa = PBXBuildFile; fileRef = A60F89121F9F664C002CAF71 /* 二叉搜索树.cpp */; };
		A60F89151F9F798F002CAF71 /* 二叉搜索树STL实现_set.cpp in Sources */ = {isa = PBXBuildFile; fileRef = A60F89141F9F798F002CAF71 /* 二叉搜索树STL实现_set.cpp */; };
		A61614771FA2EFDD007564C7 /* 中缀表达式转后缀(Infix_to_Postfix).cpp in Sources */ = {isa = PBXBuildFile; fileRef = A61614761FA2EFDD007564C7 /* 中缀表达式转后缀(Infix_to_Postfix).cpp */; };
		A61614791FA33C47007564C7 /* 约瑟夫.cpp in Sources */ = {isa = PBXBuildFile; fileRef = A61614781FA33C47007564C7 /* 约瑟夫.cpp */; };
		A64572CA1F544F2000D81312 /* main.cpp in Sources */ = {isa = PBXBuildFile; fileRef = A64572C91F544F2000D81312 /* main.cpp */; };
		A64572D11F544F2E00D81312 /* queue.cpp in Sources */ = {isa = PBXBuildFile; fileRef = A64572D01F544F2E00D81312 /* queue.cpp */; };
		A64A64921F7138690092B22E /* HASH表.cpp in Sources */ = {isa = PBXBuildFile; fileRef = A64A64911F7138690092B22E /* HASH表.cpp */; };
		A68E80A91F72B52100267E6D /* 数据结构lab2.cpp in Sources */ = {isa = PBXBuildFile; fileRef = A68E80A81F72B52100267E6D /* 数据结构lab2.cpp */; };
		A69FF2381FA9C4A3003D9CC9 /* KMP.cpp in Sources */ = {isa = PBXBuildFile; fileRef = A69FF2371FA9C4A3003D9CC9 /* KMP.cpp */; };
		A6AD60C11FA2127A00F19D3F /* 并查集.cpp in Sources */ = {isa = PBXBuildFile; fileRef = A6AD60C01FA2127A00F19D3F /* 并查集.cpp */; };
		A6D4B6481F8F6C4B00375C85 /* 大数素数检测.cpp in Sources */ = {isa = PBXBuildFile; fileRef = A6D4B6471F8F6C4B00375C85 /* 大数素数检测.cpp */; };
		A6EE13D71F5D98A900598547 /* 二叉树.cpp in Sources */ = {isa = PBXBuildFile; fileRef = A6EE13D61F5D98A900598547 /* 二叉树.cpp */; };
/* End PBXBuildFile section */

/* Begin PBXCopyFilesBuildPhase section */
		A64572C41F544F2000D81312 /* CopyFiles */ = {
			isa = PBXCopyFilesBuildPhase;
			buildActionMask = 2147483647;
			dstPath = /usr/share/man/man1/;
			dstSubfolderSpec = 0;
			files = (
			);
			runOnlyForDeploymentPostprocessing = 1;
		};
/* End PBXCopyFilesBuildPhase section */

/* Begin PBXFileReference section */
		A60F89121F9F664C002CAF71 /* 二叉搜索树.cpp */ = {isa = PBXFileReference; fileEncoding = 4; lastKnownFileType = sourcecode.cpp.cpp; path = "二叉搜索树.cpp"; sourceTree = "<group>"; };
		A60F89141F9F798F002CAF71 /* 二叉搜索树STL实现_set.cpp */ = {isa = PBXFileReference; fileEncoding = 4; lastKnownFileType = sourcecode.cpp.cpp; path = "二叉搜索树STL实现_set.cpp"; sourceTree = "<group>"; };
		A61614761FA2EFDD007564C7 /* 中缀表达式转后缀(Infix_to_Postfix).cpp */ = {isa = PBXFileReference; fileEncoding = 4; lastKnownFileType = sourcecode.cpp.cpp; path = "中缀表达式转后缀(Infix_to_Postfix).cpp"; sourceTree = "<group>"; };
		A61614781FA33C47007564C7 /* 约瑟夫.cpp */ = {isa = PBXFileReference; fileEncoding = 4; lastKnownFileType = sourcecode.cpp.cpp; path = "约瑟夫.cpp"; sourceTree = "<group>"; };
		A64572C61F544F2000D81312 /* Data Structure */ = {isa = PBXFileReference; explicitFileType = "compiled.mach-o.executable"; includeInIndex = 0; path = "Data Structure"; sourceTree = BUILT_PRODUCTS_DIR; };
		A64572C91F544F2000D81312 /* main.cpp */ = {isa = PBXFileReference; lastKnownFileType = sourcecode.cpp.cpp; path = main.cpp; sourceTree = "<group>"; };
		A64572D01F544F2E00D81312 /* queue.cpp */ = {isa = PBXFileReference; fileEncoding = 4; lastKnownFileType = sourcecode.cpp.cpp; path = queue.cpp; sourceTree = "<group>"; };
		A64A64911F7138690092B22E /* HASH表.cpp */ = {isa = PBXFileReference; fileEncoding = 4; lastKnownFileType = sourcecode.cpp.cpp; path = "HASH表.cpp"; sourceTree = "<group>"; };
		A68E80A81F72B52100267E6D /* 数据结构lab2.cpp */ = {isa = PBXFileReference; fileEncoding = 4; lastKnownFileType = sourcecode.cpp.cpp; path = "数据结构lab2.cpp"; sourceTree = "<group>"; };
		A69FF2371FA9C4A3003D9CC9 /* KMP.cpp */ = {isa = PBXFileReference; fileEncoding = 4; lastKnownFileType = sourcecode.cpp.cpp; path = KMP.cpp; sourceTree = "<group>"; };
		A6AD60C01FA2127A00F19D3F /* 并查集.cpp */ = {isa = PBXFileReference; fileEncoding = 4; lastKnownFileType = sourcecode.cpp.cpp; path = "并查集.cpp"; sourceTree = "<group>"; };
		A6D4B6471F8F6C4B00375C85 /* 大数素数检测.cpp */ = {isa = PBXFileReference; fileEncoding = 4; lastKnownFileType = sourcecode.cpp.cpp; path = "大数素数检测.cpp"; sourceTree = "<group>"; };
		A6EE13D61F5D98A900598547 /* 二叉树.cpp */ = {isa = PBXFileReference; fileEncoding = 4; lastKnownFileType = sourcecode.cpp.cpp; path = "二叉树.cpp"; sourceTree = "<group>"; };
/* End PBXFileReference section */

/* Begin PBXFrameworksBuildPhase section */
		A64572C31F544F2000D81312 /* Frameworks */ = {
			isa = PBXFrameworksBuildPhase;
			buildActionMask = 2147483647;
			files = (
			);
			runOnlyForDeploymentPostprocessing = 0;
		};
/* End PBXFrameworksBuildPhase section */

/* Begin PBXGroup section */
		A64572BD1F544F2000D81312 = {
			isa = PBXGroup;
			children = (
				A64572C81F544F2000D81312 /* Data Structure */,
				A64572C71F544F2000D81312 /* Products */,
			);
			sourceTree = "<group>";
		};
		A64572C71F544F2000D81312 /* Products */ = {
			isa = PBXGroup;
			children = (
				A64572C61F544F2000D81312 /* Data Structure */,
			);
			name = Products;
			sourceTree = "<group>";
		};
		A64572C81F544F2000D81312 /* Data Structure */ = {
			isa = PBXGroup;
			children = (
				A64572C91F544F2000D81312 /* main.cpp */,
				A64572D01F544F2E00D81312 /* queue.cpp */,
				A6EE13D61F5D98A900598547 /* 二叉树.cpp */,
				A64A64911F7138690092B22E /* HASH表.cpp */,
				A68E80A81F72B52100267E6D /* 数据结构lab2.cpp */,
				A6D4B6471F8F6C4B00375C85 /* 大数素数检测.cpp */,
				A60F89121F9F664C002CAF71 /* 二叉搜索树.cpp */,
				A60F89141F9F798F002CAF71 /* 二叉搜索树STL实现_set.cpp */,
				A6AD60C01FA2127A00F19D3F /* 并查集.cpp */,
				A61614761FA2EFDD007564C7 /* 中缀表达式转后缀(Infix_to_Postfix).cpp */,
				A61614781FA33C47007564C7 /* 约瑟夫.cpp */,
				A69FF2371FA9C4A3003D9CC9 /* KMP.cpp */,
			);
			path = "Data Structure";
			sourceTree = "<group>";
		};
/* End PBXGroup section */

/* Begin PBXNativeTarget section */
		A64572C51F544F2000D81312 /* Data Structure */ = {
			isa = PBXNativeTarget;
			buildConfigurationList = A64572CD1F544F2000D81312 /* Build configuration list for PBXNativeTarget "Data Structure" */;
			buildPhases = (
				A64572C21F544F2000D81312 /* Sources */,
				A64572C31F544F2000D81312 /* Frameworks */,
				A64572C41F544F2000D81312 /* CopyFiles */,
			);
			buildRules = (
			);
			dependencies = (
			);
			name = "Data Structure";
			productName = "Data Structure";
			productReference = A64572C61F544F2000D81312 /* Data Structure */;
			productType = "com.apple.product-type.tool";
		};
/* End PBXNativeTarget section */

/* Begin PBXProject section */
		A64572BE1F544F2000D81312 /* Project object */ = {
			isa = PBXProject;
			attributes = {
				LastUpgradeCheck = 0830;
				ORGANIZATIONNAME = "王子豪";
				TargetAttributes = {
					A64572C51F544F2000D81312 = {
						CreatedOnToolsVersion = 8.3.3;
						DevelopmentTeam = CN8CRUGH2F;
						ProvisioningStyle = Automatic;
					};
				};
			};
			buildConfigurationList = A64572C11F544F2000D81312 /* Build configuration list for PBXProject "Data Structure" */;
			compatibilityVersion = "Xcode 3.2";
			developmentRegion = English;
			hasScannedForEncodings = 0;
			knownRegions = (
				en,
			);
			mainGroup = A64572BD1F544F2000D81312;
			productRefGroup = A64572C71F544F2000D81312 /* Products */;
			projectDirPath = "";
			projectRoot = "";
			targets = (
				A64572C51F544F2000D81312 /* Data Structure */,
			);
		};
/* End PBXProject section */

/* Begin PBXSourcesBuildPhase section */
		A64572C21F544F2000D81312 /* Sources */ = {
			isa = PBXSourcesBuildPhase;
			buildActionMask = 2147483647;
			files = (
				A69FF2381FA9C4A3003D9CC9 /* KMP.cpp in Sources */,
				A68E80A91F72B52100267E6D /* 数据结构lab2.cpp in Sources */,
				A60F89131F9F664C002CAF71 /* 二叉搜索树.cpp in Sources */,
				A6D4B6481F8F6C4B00375C85 /* 大数素数检测.cpp in Sources */,
				A6AD60C11FA2127A00F19D3F /* 并查集.cpp in Sources */,
				A61614791FA33C47007564C7 /* 约瑟夫.cpp in Sources */,
				A60F89151F9F798F002CAF71 /* 二叉搜索树STL实现_set.cpp in Sources */,
				A6EE13D71F5D98A900598547 /* 二叉树.cpp in Sources */,
				A61614771FA2EFDD007564C7 /* 中缀表达式转后缀(Infix_to_Postfix).cpp in Sources */,
				A64572CA1F544F2000D81312 /* main.cpp in Sources */,
				A64A64921F7138690092B22E /* HASH表.cpp in Sources */,
				A64572D11F544F2E00D81312 /* queue.cpp in Sources */,
			);
			runOnlyForDeploymentPostprocessing = 0;
		};
/* End PBXSourcesBuildPhase section */

/* Begin XCBuildConfiguration section */
		A64572CB1F544F2000D81312 /* Debug */ = {
			isa = XCBuildConfiguration;
			buildSettings = {
				ALWAYS_SEARCH_USER_PATHS = NO;
				CLANG_ANALYZER_NONNULL = YES;
				CLANG_ANALYZER_NUMBER_OBJECT_CONVERSION = YES_AGGRESSIVE;
				CLANG_CXX_LANGUAGE_STANDARD = "gnu++0x";
				CLANG_CXX_LIBRARY = "libc++";
				CLANG_ENABLE_MODULES = YES;
				CLANG_ENABLE_OBJC_ARC = YES;
				CLANG_WARN_BOOL_CONVERSION = YES;
				CLANG_WARN_CONSTANT_CONVERSION = YES;
				CLANG_WARN_DIRECT_OBJC_ISA_USAGE = YES_ERROR;
				CLANG_WARN_DOCUMENTATION_COMMENTS = YES;
				CLANG_WARN_EMPTY_BODY = YES;
				CLANG_WARN_ENUM_CONVERSION = YES;
				CLANG_WARN_INFINITE_RECURSION = YES;
				CLANG_WARN_INT_CONVERSION = YES;
				CLANG_WARN_OBJC_ROOT_CLASS = YES_ERROR;
				CLANG_WARN_SUSPICIOUS_MOVE = YES;
				CLANG_WARN_UNREACHABLE_CODE = YES;
				CLANG_WARN__DUPLICATE_METHOD_MATCH = YES;
				CODE_SIGN_IDENTITY = "-";
				COPY_PHASE_STRIP = NO;
				DEBUG_INFORMATION_FORMAT = dwarf;
				ENABLE_STRICT_OBJC_MSGSEND = YES;
				ENABLE_TESTABILITY = YES;
				GCC_C_LANGUAGE_STANDARD = gnu99;
				GCC_DYNAMIC_NO_PIC = NO;
				GCC_NO_COMMON_BLOCKS = YES;
				GCC_OPTIMIZATION_LEVEL = 0;
				GCC_PREPROCESSOR_DEFINITIONS = (
					"DEBUG=1",
					"$(inherited)",
				);
				GCC_WARN_64_TO_32_BIT_CONVERSION = YES;
				GCC_WARN_ABOUT_RETURN_TYPE = YES_ERROR;
				GCC_WARN_UNDECLARED_SELECTOR = YES;
				GCC_WARN_UNINITIALIZED_AUTOS = YES_AGGRESSIVE;
				GCC_WARN_UNUSED_FUNCTION = YES;
				GCC_WARN_UNUSED_VARIABLE = YES;
				MACOSX_DEPLOYMENT_TARGET = 10.12;
				MTL_ENABLE_DEBUG_INFO = YES;
				ONLY_ACTIVE_ARCH = YES;
				SDKROOT = macosx;
			};
			name = Debug;
		};
		A64572CC1F544F2000D81312 /* Release */ = {
			isa = XCBuildConfiguration;
			buildSettings = {
				ALWAYS_SEARCH_USER_PATHS = NO;
				CLANG_ANALYZER_NONNULL = YES;
				CLANG_ANALYZER_NUMBER_OBJECT_CONVERSION = YES_AGGRESSIVE;
				CLANG_CXX_LANGUAGE_STANDARD = "gnu++0x";
				CLANG_CXX_LIBRARY = "libc++";
				CLANG_ENABLE_MODULES = YES;
				CLANG_ENABLE_OBJC_ARC = YES;
				CLANG_WARN_BOOL_CONVERSION = YES;
				CLANG_WARN_CONSTANT_CONVERSION = YES;
				CLANG_WARN_DIRECT_OBJC_ISA_USAGE = YES_ERROR;
				CLANG_WARN_DOCUMENTATION_COMMENTS = YES;
				CLANG_WARN_EMPTY_BODY = YES;
				CLANG_WARN_ENUM_CONVERSION = YES;
				CLANG_WARN_INFINITE_RECURSION = YES;
				CLANG_WARN_INT_CONVERSION = YES;
				CLANG_WARN_OBJC_ROOT_CLASS = YES_ERROR;
				CLANG_WARN_SUSPICIOUS_MOVE = YES;
				CLANG_WARN_UNREACHABLE_CODE = YES;
				CLANG_WARN__DUPLICATE_METHOD_MATCH = YES;
				CODE_SIGN_IDENTITY = "-";
				COPY_PHASE_STRIP = NO;
				DEBUG_INFORMATION_FORMAT = "dwarf-with-dsym";
				ENABLE_NS_ASSERTIONS = NO;
				ENABLE_STRICT_OBJC_MSGSEND = YES;
				GCC_C_LANGUAGE_STANDARD = gnu99;
				GCC_NO_COMMON_BLOCKS = YES;
				GCC_WARN_64_TO_32_BIT_CONVERSION = YES;
				GCC_WARN_ABOUT_RETURN_TYPE = YES_ERROR;
				GCC_WARN_UNDECLARED_SELECTOR = YES;
				GCC_WARN_UNINITIALIZED_AUTOS = YES_AGGRESSIVE;
				GCC_WARN_UNUSED_FUNCTION = YES;
				GCC_WARN_UNUSED_VARIABLE = YES;
				MACOSX_DEPLOYMENT_TARGET = 10.12;
				MTL_ENABLE_DEBUG_INFO = NO;
				SDKROOT = macosx;
			};
			name = Release;
		};
		A64572CE1F544F2000D81312 /* Debug */ = {
			isa = XCBuildConfiguration;
			buildSettings = {
				DEVELOPMENT_TEAM = CN8CRUGH2F;
				PRODUCT_NAME = "$(TARGET_NAME)";
			};
			name = Debug;
		};
		A64572CF1F544F2000D81312 /* Release */ = {
			isa = XCBuildConfiguration;
			buildSettings = {
				DEVELOPMENT_TEAM = CN8CRUGH2F;
				PRODUCT_NAME = "$(TARGET_NAME)";
			};
			name = Release;
		};
/* End XCBuildConfiguration section */

/* Begin XCConfigurationList section */
		A64572C11F544F2000D81312 /* Build configuration list for PBXProject "Data Structure" */ = {
			isa = XCConfigurationList;
			buildConfigurations = (
				A64572CB1F544F2000D81312 /* Debug */,
				A64572CC1F544F2000D81312 /* Release */,
			);
			defaultConfigurationIsVisible = 0;
			defaultConfigurationName = Release;
		};
		A64572CD1F544F2000D81312 /* Build configuration list for PBXNativeTarget "Data Structure" */ = {
			isa = XCConfigurationList;
			buildConfigurations = (
				A64572CE1F544F2000D81312 /* Debug */,
				A64572CF1F544F2000D81312 /* Release */,
			);
			defaultConfigurationIsVisible = 0;
			defaultConfigurationName = Release;
		};
/* End XCConfigurationList section */
	};
	rootObject = A64572BE1F544F2000D81312 /* Project object */;
}
